{
    "_meta": {
        "hash": {
            "sha256": "474c3b93a498b68d2edb5fa575ce32323d25a2c063c4a5ed4e3e0fae246b4ce8"
        },
        "pipfile-spec": 6,
        "requires": {
            "python_version": "3.8"
        },
        "sources": [
            {
                "name": "pypi",
                "url": "https://pypi.org/simple",
                "verify_ssl": true
            }
        ]
    },
    "default": {
        "altgraph": {
            "hashes": [
                "sha256:743628f2ac6a7c26f5d9223c91ed8ecbba535f506f4b6f558885a8a56a105857",
                "sha256:ebf2269361b47d97b3b88e696439f6e4cbc607c17c51feb1754f90fb79839158"
            ],
            "version": "==0.17.2"
        },
        "argparse": {
            "hashes": [
                "sha256:62b089a55be1d8949cd2bc7e0df0bddb9e028faefc8c32038cc84862aefdd6e4",
                "sha256:c31647edb69fd3d465a847ea3157d37bed1f95f19760b11a47aa91c04b666314"
            ],
            "index": "pypi",
            "version": "==1.4.0"
        },
        "blessed": {
            "hashes": [
                "sha256:1f2d462631b2b6d2d4c3c65b54ef79ad87a6ca2dd55255df2f8d739fcc8a1ddb",
                "sha256:4db0f94e5761aea330b528e84a250027ffe996b5a94bf03e502600c9a5ad7a61"
            ],
            "markers": "python_version >= '2.7'",
            "version": "==1.19.0"
        },
        "cairocffi": {
            "hashes": [
                "sha256:108a3a7cb09e203bdd8501d9baad91d786d204561bd71e9364e8b34897c47b91"
            ],
            "markers": "python_version >= '3.7'",
            "version": "==1.3.0"
        },
        "cairosvg": {
            "hashes": [
                "sha256:4e668f96653326780036ebb0a9ff2bb59a8443d7bcfc51a14aab77b57a8e67ad",
                "sha256:9cb1df7e9bc60f75fb87f67940a8fb805aad544337a67a40b67c05cfe33711a2"
            ],
            "index": "pypi",
            "version": "==2.4.2"
        },
        "cffi": {
            "hashes": [
                "sha256:00c878c90cb53ccfaae6b8bc18ad05d2036553e6d9d1d9dbcf323bbe83854ca3",
                "sha256:0104fb5ae2391d46a4cb082abdd5c69ea4eab79d8d44eaaf79f1b1fd806ee4c2",
                "sha256:06c48159c1abed75c2e721b1715c379fa3200c7784271b3c46df01383b593636",
                "sha256:0808014eb713677ec1292301ea4c81ad277b6cdf2fdd90fd540af98c0b101d20",
                "sha256:10dffb601ccfb65262a27233ac273d552ddc4d8ae1bf93b21c94b8511bffe728",
                "sha256:14cd121ea63ecdae71efa69c15c5543a4b5fbcd0bbe2aad864baca0063cecf27",
                "sha256:17771976e82e9f94976180f76468546834d22a7cc404b17c22df2a2c81db0c66",
                "sha256:181dee03b1170ff1969489acf1c26533710231c58f95534e3edac87fff06c443",
                "sha256:23cfe892bd5dd8941608f93348c0737e369e51c100d03718f108bf1add7bd6d0",
                "sha256:263cc3d821c4ab2213cbe8cd8b355a7f72a8324577dc865ef98487c1aeee2bc7",
                "sha256:2756c88cbb94231c7a147402476be2c4df2f6078099a6f4a480d239a8817ae39",
                "sha256:27c219baf94952ae9d50ec19651a687b826792055353d07648a5695413e0c605",
                "sha256:2a23af14f408d53d5e6cd4e3d9a24ff9e05906ad574822a10563efcef137979a",
                "sha256:31fb708d9d7c3f49a60f04cf5b119aeefe5644daba1cd2a0fe389b674fd1de37",
                "sha256:3415c89f9204ee60cd09b235810be700e993e343a408693e80ce7f6a40108029",
                "sha256:3773c4d81e6e818df2efbc7dd77325ca0dcb688116050fb2b3011218eda36139",
                "sha256:3b96a311ac60a3f6be21d2572e46ce67f09abcf4d09344c49274eb9e0bf345fc",
                "sha256:3f7d084648d77af029acb79a0ff49a0ad7e9d09057a9bf46596dac9514dc07df",
                "sha256:41d45de54cd277a7878919867c0f08b0cf817605e4eb94093e7516505d3c8d14",
                "sha256:4238e6dab5d6a8ba812de994bbb0a79bddbdf80994e4ce802b6f6f3142fcc880",
                "sha256:45db3a33139e9c8f7c09234b5784a5e33d31fd6907800b316decad50af323ff2",
                "sha256:45e8636704eacc432a206ac7345a5d3d2c62d95a507ec70d62f23cd91770482a",
                "sha256:4958391dbd6249d7ad855b9ca88fae690783a6be9e86df65865058ed81fc860e",
                "sha256:4a306fa632e8f0928956a41fa8e1d6243c71e7eb59ffbd165fc0b41e316b2474",
                "sha256:57e9ac9ccc3101fac9d6014fba037473e4358ef4e89f8e181f8951a2c0162024",
                "sha256:59888172256cac5629e60e72e86598027aca6bf01fa2465bdb676d37636573e8",
                "sha256:5e069f72d497312b24fcc02073d70cb989045d1c91cbd53979366077959933e0",
                "sha256:64d4ec9f448dfe041705426000cc13e34e6e5bb13736e9fd62e34a0b0c41566e",
                "sha256:6dc2737a3674b3e344847c8686cf29e500584ccad76204efea14f451d4cc669a",
                "sha256:74fdfdbfdc48d3f47148976f49fab3251e550a8720bebc99bf1483f5bfb5db3e",
                "sha256:75e4024375654472cc27e91cbe9eaa08567f7fbdf822638be2814ce059f58032",
                "sha256:786902fb9ba7433aae840e0ed609f45c7bcd4e225ebb9c753aa39725bb3e6ad6",
                "sha256:8b6c2ea03845c9f501ed1313e78de148cd3f6cad741a75d43a29b43da27f2e1e",
                "sha256:91d77d2a782be4274da750752bb1650a97bfd8f291022b379bb8e01c66b4e96b",
                "sha256:91ec59c33514b7c7559a6acda53bbfe1b283949c34fe7440bcf917f96ac0723e",
                "sha256:920f0d66a896c2d99f0adbb391f990a84091179542c205fa53ce5787aff87954",
                "sha256:a5263e363c27b653a90078143adb3d076c1a748ec9ecc78ea2fb916f9b861962",
                "sha256:abb9a20a72ac4e0fdb50dae135ba5e77880518e742077ced47eb1499e29a443c",
                "sha256:c2051981a968d7de9dd2d7b87bcb9c939c74a34626a6e2f8181455dd49ed69e4",
                "sha256:c21c9e3896c23007803a875460fb786118f0cdd4434359577ea25eb556e34c55",
                "sha256:c2502a1a03b6312837279c8c1bd3ebedf6c12c4228ddbad40912d671ccc8a962",
                "sha256:d4d692a89c5cf08a8557fdeb329b82e7bf609aadfaed6c0d79f5a449a3c7c023",
                "sha256:da5db4e883f1ce37f55c667e5c0de439df76ac4cb55964655906306918e7363c",
                "sha256:e7022a66d9b55e93e1a845d8c9eba2a1bebd4966cd8bfc25d9cd07d515b33fa6",
                "sha256:ef1f279350da2c586a69d32fc8733092fd32cc8ac95139a00377841f59a3f8d8",
                "sha256:f54a64f8b0c8ff0b64d18aa76675262e1700f3995182267998c31ae974fbc382",
                "sha256:f5c7150ad32ba43a07c4479f40241756145a1f03b43480e058cfd862bf5041c7",
                "sha256:f6f824dc3bce0edab5f427efcfb1d63ee75b6fcb7282900ccaf925be84efb0fc",
                "sha256:fd8a250edc26254fe5b33be00402e6d287f562b6a5b2152dec302fa15bb3e997",
                "sha256:ffaa5c925128e29efbde7301d8ecaf35c8c60ffbcd6a1ffd3a552177c8e5e796"
            ],
            "version": "==1.15.0"
        },
        "cssselect": {
            "hashes": [
                "sha256:f612ee47b749c877ebae5bb77035d8f4202c6ad0f0fc1271b3c18ad6c4468ecf",
                "sha256:f95f8dedd925fd8f54edb3d2dfb44c190d9d18512377d3c1e2388d16126879bc"
            ],
            "index": "pypi",
            "version": "==1.1.0"
        },
        "cssselect2": {
            "hashes": [
                "sha256:2f4a9f20965367bae459e3bb42561f7927e0cfe5b7ea1692757cf67ef5d7dace",
                "sha256:93fbb9af860e95dd40bf18c3b2b6ed99189a07c0f29ba76f9c5be71344664ec8"
            ],
            "markers": "python_version >= '3.6'",
            "version": "==0.4.1"
        },
        "defusedxml": {
            "hashes": [
                "sha256:1bb3032db185915b62d7c6209c5a8792be6a32ab2fedacc84e01b52c51aa3e69",
                "sha256:a352e7e428770286cc899e2542b6cdaedb2b4953ff269a210103ec58f6198a61"
            ],
            "markers": "python_version >= '2.7' and python_version not in '3.0, 3.1, 3.2, 3.3, 3.4'",
            "version": "==0.7.1"
        },
        "enlighten": {
            "hashes": [
                "sha256:1f69366a9cf0525ea58145c22e8312d0de855cd83416d65ba6d8f6220de0b436",
                "sha256:eba8b73d970deb6dc103dffb26e963dacf639f2fb4fb2a9f46a315627700d558"
            ],
            "index": "pypi",
            "version": "==1.6.0"
        },
        "joblib": {
            "hashes": [
                "sha256:4158fcecd13733f8be669be0683b96ebdbbd38d23559f54dca7205aea1bf1e35",
                "sha256:f21f109b3c7ff9d95f8387f752d0d9c34a02aa2f7060c2135f465da0e5160ff6"
            ],
            "markers": "python_version >= '3.6'",
            "version": "==1.1.0"
        },
        "lxml": {
            "hashes": [
                "sha256:06748c7192eab0f48e3d35a7adae609a329c6257495d5e53878003660dc0fec6",
                "sha256:0790ddca3f825dd914978c94c2545dbea5f56f008b050e835403714babe62a5f",
                "sha256:1aa7a6197c1cdd65d974f3e4953764eee3d9c7b67e3966616b41fab7f8f516b7",
                "sha256:22c6d34fdb0e65d5f782a4d1a1edb52e0a8365858dafb1c08cb1d16546cf0786",
                "sha256:2754d4406438c83144f9ffd3628bbe2dcc6d62b20dbc5c1ec4bc4385e5d44b42",
                "sha256:27ee0faf8077c7c1a589573b1450743011117f1aa1a91d5ae776bbc5ca6070f2",
                "sha256:2b02c106709466a93ed424454ce4c970791c486d5fcdf52b0d822a7e29789626",
                "sha256:2d1ddce96cf15f1254a68dba6935e6e0f1fe39247de631c115e84dd404a6f031",
                "sha256:4f282737d187ae723b2633856085c31ae5d4d432968b7f3f478a48a54835f5c4",
                "sha256:51bb4edeb36d24ec97eb3e6a6007be128b720114f9a875d6b370317d62ac80b9",
                "sha256:7eee37c1b9815e6505847aa5e68f192e8a1b730c5c7ead39ff317fde9ce29448",
                "sha256:7fd88cb91a470b383aafad554c3fe1ccf6dfb2456ff0e84b95335d582a799804",
                "sha256:9144ce36ca0824b29ebc2e02ca186e54040ebb224292072250467190fb613b96",
                "sha256:925baf6ff1ef2c45169f548cc85204433e061360bfa7d01e1be7ae38bef73194",
                "sha256:a636346c6c0e1092ffc202d97ec1843a75937d8c98aaf6771348ad6422e44bb0",
                "sha256:a87dbee7ad9dce3aaefada2081843caf08a44a8f52e03e0a4cc5819f8398f2f4",
                "sha256:a9e3b8011388e7e373565daa5e92f6c9cb844790dc18e43073212bb3e76f7007",
                "sha256:afb53edf1046599991fb4a7d03e601ab5f5422a5435c47ee6ba91ec3b61416a6",
                "sha256:b26719890c79a1dae7d53acac5f089d66fd8cc68a81f4e4bd355e45470dc25e1",
                "sha256:b7462cdab6fffcda853338e1741ce99706cdf880d921b5a769202ea7b94e8528",
                "sha256:b77975465234ff49fdad871c08aa747aae06f5e5be62866595057c43f8d2f62c",
                "sha256:c47a8a5d00060122ca5908909478abce7bbf62d812e3fc35c6c802df8fb01fe7",
                "sha256:c79e5debbe092e3c93ca4aee44c9a7631bdd407b2871cb541b979fd350bbbc29",
                "sha256:d8d40e0121ca1606aa9e78c28a3a7d88a05c06b3ca61630242cded87d8ce55fa",
                "sha256:ee2be8b8f72a2772e72ab926a3bccebf47bb727bda41ae070dc91d1fb759b726",
                "sha256:f95d28193c3863132b1f55c1056036bf580b5a488d908f7d22a04ace8935a3a9",
                "sha256:fadd2a63a2bfd7fb604508e553d1cf68eca250b2fbdbd81213b5f6f2fbf23529"
            ],
            "index": "pypi",
            "version": "==4.5.1"
        },
        "numpy": {
            "hashes": [
                "sha256:0172304e7d8d40e9e49553901903dc5f5a49a703363ed756796f5808a06fc233",
                "sha256:34e96e9dae65c4839bd80012023aadd6ee2ccb73ce7fdf3074c62f301e63120b",
                "sha256:3676abe3d621fc467c4c1469ee11e395c82b2d6b5463a9454e37fe9da07cd0d7",
                "sha256:3dd6823d3e04b5f223e3e265b4a1eae15f104f4366edd409e5a5e413a98f911f",
                "sha256:4064f53d4cce69e9ac613256dc2162e56f20a4e2d2086b1956dd2fcf77b7fac5",
                "sha256:4674f7d27a6c1c52a4d1aa5f0881f1eff840d2206989bae6acb1c7668c02ebfb",
                "sha256:7d42ab8cedd175b5ebcb39b5208b25ba104842489ed59fbb29356f671ac93583",
                "sha256:965df25449305092b23d5145b9bdaeb0149b6e41a77a7d728b1644b3c99277c1",
                "sha256:9c9d6531bc1886454f44aa8f809268bc481295cf9740827254f53c30104f074a",
                "sha256:a78e438db8ec26d5d9d0e584b27ef25c7afa5a182d1bf4d05e313d2d6d515271",
                "sha256:a7acefddf994af1aeba05bbbafe4ba983a187079f125146dc5859e6d817df824",
                "sha256:a87f59508c2b7ceb8631c20630118cc546f1f815e034193dc72390db038a5cb3",
                "sha256:ac792b385d81151bae2a5a8adb2b88261ceb4976dbfaaad9ce3a200e036753dc",
                "sha256:b03b2c0badeb606d1232e5f78852c102c0a7989d3a534b3129e7856a52f3d161",
                "sha256:b39321f1a74d1f9183bf1638a745b4fd6fe80efbb1f6b32b932a588b4bc7695f",
                "sha256:cae14a01a159b1ed91a324722d746523ec757357260c6804d11d6147a9e53e3f",
                "sha256:cd49930af1d1e49a812d987c2620ee63965b619257bd76eaaa95870ca08837cf",
                "sha256:e15b382603c58f24265c9c931c9a45eebf44fe2e6b4eaedbb0d025ab3255228b",
                "sha256:e91d31b34fc7c2c8f756b4e902f901f856ae53a93399368d9a0dc7be17ed2ca0",
                "sha256:ef627986941b5edd1ed74ba89ca43196ed197f1a206a3f18cc9faf2fb84fd675",
                "sha256:f718a7949d1c4f622ff548c572e0c03440b49b9531ff00e4ed5738b459f011e8"
            ],
            "index": "pypi",
            "version": "==1.18.5"
        },
        "pandas": {
            "hashes": [
                "sha256:18d91a9199d1dfaa01ad645f7540370ba630bdcef09daaf9edf45b4b1bca0232",
                "sha256:3f26e5da310a0c0b83ea50da1fd397de2640b02b424aa69be7e0784228f656c9",
                "sha256:4182e32f4456d2c64619e97c58571fa5ca0993d1e8c2d9ca44916185e1726e15",
                "sha256:426e590e2eb0e60f765271d668a30cf38b582eaae5ec9b31229c8c3c10c5bc21",
                "sha256:5eb934a8f0dc358f0e0cdf314072286bbac74e4c124b64371395e94644d5d919",
                "sha256:717928808043d3ea55b9bcde636d4a52d2236c246f6df464163a66ff59980ad8",
                "sha256:8145f97c5ed71827a6ec98ceaef35afed1377e2d19c4078f324d209ff253ecb5",
                "sha256:8744c84c914dcc59cbbb2943b32b7664df1039d99e834e1034a3372acb89ea4d",
                "sha256:c1ac1d9590d0c9314ebf01591bd40d4c03d710bfc84a3889e5263c97d7891dee",
                "sha256:cb2e197b7b0687becb026b84d3c242482f20cbb29a9981e43604eb67576da9f6",
                "sha256:d4001b71ad2c9b84ff18b182cea22b7b6cbf624216da3ea06fb7af28d1f93165",
                "sha256:d8930772adccb2882989ab1493fa74bd87d47c8ac7417f5dd3dd834ba8c24dc9",
                "sha256:dfbb0173ee2399bc4ed3caf2d236e5c0092f948aafd0a15fbe4a0e77ee61a958",
                "sha256:eebfbba048f4fa8ac711b22c78516e16ff8117d05a580e7eeef6b0c2be554c18",
                "sha256:f1b21bc5cf3dbea53d33615d1ead892dfdae9d7052fa8898083bec88be20dcd2"
            ],
            "index": "pypi",
            "version": "==0.25.1"
        },
        "pillow": {
            "hashes": [
                "sha256:03b27b197deb4ee400ed57d8d4e572d2d8d80f825b6634daf6e2c18c3c6ccfa6",
                "sha256:0b281fcadbb688607ea6ece7649c5d59d4bbd574e90db6cd030e9e85bde9fecc",
                "sha256:0ebd8b9137630a7bbbff8c4b31e774ff05bbb90f7911d93ea2c9371e41039b52",
                "sha256:113723312215b25c22df1fdf0e2da7a3b9c357a7d24a93ebbe80bfda4f37a8d4",
                "sha256:2d16b6196fb7a54aff6b5e3ecd00f7c0bab1b56eee39214b2b223a9d938c50af",
                "sha256:2fd8053e1f8ff1844419842fd474fc359676b2e2a2b66b11cc59f4fa0a301315",
                "sha256:31b265496e603985fad54d52d11970383e317d11e18e856971bdbb86af7242a4",
                "sha256:3586e12d874ce2f1bc875a3ffba98732ebb12e18fb6d97be482bd62b56803281",
                "sha256:47f5cf60bcb9fbc46011f75c9b45a8b5ad077ca352a78185bd3e7f1d294b98bb",
                "sha256:490e52e99224858f154975db61c060686df8a6b3f0212a678e5d2e2ce24675c9",
                "sha256:500d397ddf4bbf2ca42e198399ac13e7841956c72645513e8ddf243b31ad2128",
                "sha256:52abae4c96b5da630a8b4247de5428f593465291e5b239f3f843a911a3cf0105",
                "sha256:6579f9ba84a3d4f1807c4aab4be06f373017fc65fff43498885ac50a9b47a553",
                "sha256:68e06f8b2248f6dc8b899c3e7ecf02c9f413aab622f4d6190df53a78b93d97a5",
                "sha256:6c5439bfb35a89cac50e81c751317faea647b9a3ec11c039900cd6915831064d",
                "sha256:72c3110228944019e5f27232296c5923398496b28be42535e3b2dc7297b6e8b6",
                "sha256:72f649d93d4cc4d8cf79c91ebc25137c358718ad75f99e99e043325ea7d56100",
                "sha256:7aaf07085c756f6cb1c692ee0d5a86c531703b6e8c9cae581b31b562c16b98ce",
                "sha256:80fe92813d208ce8aa7d76da878bdc84b90809f79ccbad2a288e9bcbeac1d9bd",
                "sha256:95545137fc56ce8c10de646074d242001a112a92de169986abd8c88c27566a05",
                "sha256:97b6d21771da41497b81652d44191489296555b761684f82b7b544c49989110f",
                "sha256:98cb63ca63cb61f594511c06218ab4394bf80388b3d66cd61d0b1f63ee0ea69f",
                "sha256:9f3b4522148586d35e78313db4db0df4b759ddd7649ef70002b6c3767d0fdeb7",
                "sha256:a09a9d4ec2b7887f7a088bbaacfd5c07160e746e3d47ec5e8050ae3b2a229e9f",
                "sha256:b5050d681bcf5c9f2570b93bee5d3ec8ae4cf23158812f91ed57f7126df91762",
                "sha256:bb47a548cea95b86494a26c89d153fd31122ed65255db5dcbc421a2d28eb3379",
                "sha256:bc462d24500ba707e9cbdef436c16e5c8cbf29908278af053008d9f689f56dee",
                "sha256:c2067b3bb0781f14059b112c9da5a91c80a600a97915b4f48b37f197895dd925",
                "sha256:d154ed971a4cc04b93a6d5b47f37948d1f621f25de3e8fa0c26b2d44f24e3e8f",
                "sha256:d5dcea1387331c905405b09cdbfb34611050cc52c865d71f2362f354faee1e9f",
                "sha256:ee6e2963e92762923956fe5d3479b1fdc3b76c83f290aad131a2f98c3df0593e",
                "sha256:fd0e5062f11cb3e730450a7d9f323f4051b532781026395c4323b8ad055523c4"
            ],
            "index": "pypi",
            "version": "==9.0.0"
        },
        "pycparser": {
            "hashes": [
                "sha256:8ee45429555515e1f6b185e78100aea234072576aa43ab53aefcae078162fca9",
                "sha256:e644fdec12f7872f86c58ff790da456218b10f863970249516d60a5eaca77206"
            ],
            "markers": "python_version >= '2.7' and python_version not in '3.0, 3.1, 3.2, 3.3'",
            "version": "==2.21"
        },
        "pygame": {
            "hashes": [
                "sha256:026e835dc69ab50db3f62e01884dceeee25283c04f5dbe992f059e24c11e29b3",
                "sha256:07d9f21e2aee6679bcff760b93d336ca0981000a5bb6e665708ea9f08e9c06f6",
                "sha256:134be66f54e1d588d3198f308afed3d495e5e9c1b1c36ffe71efc0afd2057eaf",
                "sha256:1b153b52e1d46f1e779ef773707d23f03d23f014819ad3a822c2e357adbeed78",
                "sha256:33795983f9fdce22b6e934f62d813364dbbd8846de25500fb9328f2a0ea619f9",
                "sha256:33b50c90559b944b466f1cd0181a3019f80f50783fe58f43369b078c0c7172ef",
                "sha256:3438463f73cc3d413b8c30daf194b5471b565cd74e4cfe0379562af534d44f22",
                "sha256:34b03b5c411b60e1dca096f0237a59521b5cab0d32b388c5b3a00c1d371a5266",
                "sha256:46211c0e87486c70a272246087bb8c221f546f0a5d258e7e722372de3bbfb887",
                "sha256:545da86be8ed0f9af19e636ecf1c6ed2d2851d64abed7f1a64e517abb2f3058b",
                "sha256:54b55f9f2fcf80aaf8c8ce2fd465e1b5cac948ccbd5a1d74561e63a9d9abd5f5",
                "sha256:56fb61d0dcd8dfe9d35f402ee417bc4bc96ea41a84525efb3cda5403f9e13bda",
                "sha256:587a5d52ba71ea16b299dce672d8d986364c9a4b0640fef49351839fa14a5950",
                "sha256:7183302b00706ed6a886fac9775fb7f44e7a96b60aab75c73473a763a19f62b8",
                "sha256:72238e9681713e68576483c8e8d7ea63c1b3bf7ee0d316f60239c5132a5b1115",
                "sha256:7a01dced9d7880b4107b0b7fe65fc427c8886f26f36e4ada6eec809259742767",
                "sha256:7d56c36ea9a71edb2aacdf5f628d31a9ffbf4bde025b1c9b77f707e8400dd910",
                "sha256:7f6f710e7fd07adafdda139d4d43f358da666db2544608eabf0a43b1fb5dc5a4",
                "sha256:8be68d1ddbb7a21ae2df8bf9621b7f6cc6bb6a15a49e76e105bd7fe9d88b84b3",
                "sha256:8cf102e4b7ff37e6303b310ec38585a153a31c1eed3b5ceeae0df6f01d35ae01",
                "sha256:94b3bae28d5811c400673918a0dd656f6deeb691b3530f25ee367180c822dfbe",
                "sha256:9d122c30c731226efab9d1454919bb6595275345754513017b5798378f748200",
                "sha256:a2062458a8b3646a13a93dbd557b46f57d6fc884486d4f14b1cb232c4014c03c",
                "sha256:a39205e3e0d30a35cdab72fd22808db561599cb95e7c73ca6a113b7273f15529",
                "sha256:a6c4ebb9a8c5dfa5ad8547a78b34550c2968a1ab2fe0c29a5af2e71d53a1da6b",
                "sha256:a7fcfd5fadc91828bb9b0f7a8699f6c7ae900131b095e79bb1c5ca211bf9acd5",
                "sha256:a9389e8b5fe55b1a1b62ccbcf8df55907bbe0250536bf39c2686f6d40d6c3e5a",
                "sha256:b82470b9719dcccd1e26db132af055d5dd2fedd347ba272cc3788bf4723314de",
                "sha256:bd6aca8554745760b3aade96586272fd724438b20aaa2c7335ffb8bab293e852",
                "sha256:c1c5043fdc10629debabadb21854d8ff9f5642103d61f02df71104a270c2d0cc",
                "sha256:d8cd6bc002b1725da0937cb5e789cb71bee6b05de90b436a2448a47ac64c9196",
                "sha256:db9332d5b6040c3c0c6eed54fcd75b6fd592a219734c7bfb1cc5ecced82f0683",
                "sha256:dbddf8921a3b19cfa09ad35a6a02d82f545cacd6d8e5d1dc41e26a2a468e43e9",
                "sha256:e649cda58ebc5480e83db0fa217751ea5e73b3bd556ff019319acdf9a381d67c",
                "sha256:feb72207824d0e77fc5c13ade0f5c9207ce0e4d0b14aa30e7e0e16f61ec36b25"
            ],
            "index": "pypi",
            "version": "==2.0.0.dev6"
        },
        "pyinstaller": {
            "file": "https://github.com/pyinstaller/pyinstaller/archive/develop.zip",
            "hashes": [
                "sha256:560829810d70d58c08243ac8cad69e4686c9cab2a3cf85006dae8e9de3952cf5"
            ],
            "version": "==4.0.dev0"
        },
        "pyinstaller-hooks-contrib": {
            "hashes": [
                "sha256:e47b382c209dd2f62ac2ef26cade49148e9a4702ec91958772b0270599f8c2a9",
                "sha256:e658281cbf90570d9bc6a06f4b8f64c28d1076c722f6fb80c02a863bcbb8e7cd"
            ],
            "version": "==2021.5"
        },
        "python-dateutil": {
            "hashes": [
                "sha256:0123cacc1627ae19ddf3c27a5de5bd67ee4586fbdd6440d9748f8abb483d3e86",
                "sha256:961d03dc3453ebbc59dbdea9e4e11c5651520a876d0f4db161e8674aae935da9"
            ],
            "markers": "python_version >= '2.7' and python_version not in '3.0, 3.1, 3.2, 3.3'",
            "version": "==2.8.2"
        },
        "pytz": {
            "hashes": [
                "sha256:3672058bc3453457b622aab7a1c3bfd5ab0bdae451512f6cf25f64ed37f5b87c",
                "sha256:acad2d8b20a1af07d4e4c9d2e9285c5ed9104354062f275f3fcd88dcef4f1326"
            ],
            "version": "==2021.3"
        },
        "recordclass": {
            "hashes": [
                "sha256:013762f19d0f3d72554781fe2854181b82067e841a96b57dadbccb8e25599c56",
                "sha256:1819689975590df9748407edf4aa1cb57a8adb57cebb9d4c12dfe2c18c4f5b8a",
                "sha256:28f981dc3390f0c637aabad4e52b40572db250a490b5a482ebf1e53a90aabe88",
                "sha256:2f5cc82355583027093bd59bc64fa105ce90522a4fe0a0e1ebd60758c245c156",
                "sha256:3a65122155fffb0c6e8f329582b1b4474885dd8eecc901f1a589cafb260d5b37",
                "sha256:7bfa22f0a378be300cfd9c2dce23a9a85fc1980167182c62e8ae889204929042",
                "sha256:7deeb171f65c520b5b5e97e7b751764c6328e737dd962a3aa6e7ee2c47c710d6",
                "sha256:99c22abdc0e9c55f5becf050213fdbb71c4f80307973e3dcfa9e2107e35a25ef",
                "sha256:bc60042d6affc0f1c7727df7c95865619b166dd63c690b823d18b39520c378cd"
            ],
            "index": "pypi",
            "version": "==0.13.2"
        },
        "scikit-learn": {
            "hashes": [
                "sha256:08ef968f6b72033c16c479c966bf37ccd49b06ea91b765e1cc27afefe723920b",
                "sha256:158faf30684c92a78e12da19c73feff9641a928a8024b4fa5ec11d583f3d8a87",
                "sha256:16455ace947d8d9e5391435c2977178d0ff03a261571e67f627c8fee0f9d431a",
                "sha256:245c9b5a67445f6f044411e16a93a554edc1efdcce94d3fc0bc6a4b9ac30b752",
                "sha256:285db0352e635b9e3392b0b426bc48c3b485512d3b4ac3c7a44ec2a2ba061e66",
                "sha256:2f3b453e0b149898577e301d27e098dfe1a36943f7bb0ad704d1e548efc3b448",
                "sha256:46f431ec59dead665e1370314dbebc99ead05e1c0a9df42f22d6a0e00044820f",
                "sha256:55f2f3a8414e14fbee03782f9fe16cca0f141d639d2b1c1a36779fa069e1db57",
                "sha256:5cb33fe1dc6f73dc19e67b264dbb5dde2a0539b986435fdd78ed978c14654830",
                "sha256:75307d9ea39236cad7eea87143155eea24d48f93f3a2f9389c817f7019f00705",
                "sha256:7626a34eabbf370a638f32d1a3ad50526844ba58d63e3ab81ba91e2a7c6d037e",
                "sha256:7a93c1292799620df90348800d5ac06f3794c1316ca247525fa31169f6d25855",
                "sha256:7d6b2475f1c23a698b48515217eb26b45a6598c7b1840ba23b3c5acece658dbb",
                "sha256:80095a1e4b93bd33261ef03b9bc86d6db649f988ea4dbcf7110d0cded8d7213d",
                "sha256:85260fb430b795d806251dd3bb05e6f48cdc777ac31f2bcf2bc8bbed3270a8f5",
                "sha256:9369b030e155f8188743eb4893ac17a27f81d28a884af460870c7c072f114243",
                "sha256:a053a6a527c87c5c4fa7bf1ab2556fa16d8345cf99b6c5a19030a4a7cd8fd2c0",
                "sha256:a90b60048f9ffdd962d2ad2fb16367a87ac34d76e02550968719eb7b5716fd10",
                "sha256:a999c9f02ff9570c783069f1074f06fe7386ec65b84c983db5aeb8144356a355",
                "sha256:b1391d1a6e2268485a63c3073111fe3ba6ec5145fc957481cfd0652be571226d",
                "sha256:b54a62c6e318ddbfa7d22c383466d38d2ee770ebdb5ddb668d56a099f6eaf75f",
                "sha256:b5870959a5484b614f26d31ca4c17524b1b0317522199dc985c3b4256e030767",
                "sha256:bc3744dabc56b50bec73624aeca02e0def06b03cb287de26836e730659c5d29c",
                "sha256:d93d4c28370aea8a7cbf6015e8a669cd5d69f856cc2aa44e7a590fb805bb5583",
                "sha256:d9aac97e57c196206179f674f09bc6bffcd0284e2ba95b7fe0b402ac3f986023",
                "sha256:da3c84694ff693b5b3194d8752ccf935a665b8b5edc33a283122f4273ca3e687",
                "sha256:e174242caecb11e4abf169342641778f68e1bfaba80cd18acd6bc84286b9a534",
                "sha256:eabceab574f471de0b0eb3f2ecf2eee9f10b3106570481d007ed1c84ebf6d6a1",
                "sha256:f14517e174bd7332f1cca2c959e704696a5e0ba246eb8763e6c24876d8710049",
                "sha256:fa38a1b9b38ae1fad2863eff5e0d69608567453fdfc850c992e6e47eb764e846",
                "sha256:ff3fa8ea0e09e38677762afc6e14cad77b5e125b0ea70c9bba1992f02c93b028",
                "sha256:ff746a69ff2ef25f62b36338c615dd15954ddc3ab8e73530237dd73235e76d62"
            ],
            "markers": "python_version >= '3.7'",
            "version": "==1.0.2"
        },
        "scipy": {
            "hashes": [
                "sha256:033ce76ed4e9f62923e1f8124f7e2b0800db533828c853b402c7eec6e9465d80",
                "sha256:173308efba2270dcd61cd45a30dfded6ec0085b4b6eb33b5eb11ab443005e088",
                "sha256:21b66200cf44b1c3e86495e3a436fc7a26608f92b8d43d344457c54f1c024cbc",
                "sha256:2c56b820d304dffcadbbb6cbfbc2e2c79ee46ea291db17e288e73cd3c64fefa9",
                "sha256:304dfaa7146cffdb75fbf6bb7c190fd7688795389ad060b970269c8576d038e9",
                "sha256:3f78181a153fa21c018d346f595edd648344751d7f03ab94b398be2ad083ed3e",
                "sha256:4d242d13206ca4302d83d8a6388c9dfce49fc48fdd3c20efad89ba12f785bf9e",
                "sha256:5d1cc2c19afe3b5a546ede7e6a44ce1ff52e443d12b231823268019f608b9b12",
                "sha256:5f2cfc359379c56b3a41b17ebd024109b2049f878badc1e454f31418c3a18436",
                "sha256:65bd52bf55f9a1071398557394203d881384d27b9c2cad7df9a027170aeaef93",
                "sha256:7edd9a311299a61e9919ea4192dd477395b50c014cdc1a1ac572d7c27e2207fa",
                "sha256:8499d9dd1459dc0d0fe68db0832c3d5fc1361ae8e13d05e6849b358dc3f2c279",
                "sha256:866ada14a95b083dd727a845a764cf95dd13ba3dc69a16b99038001b05439709",
                "sha256:87069cf875f0262a6e3187ab0f419f5b4280d3dcf4811ef9613c605f6e4dca95",
                "sha256:93378f3d14fff07572392ce6a6a2ceb3a1f237733bd6dcb9eb6a2b29b0d19085",
                "sha256:95c2d250074cfa76715d58830579c64dff7354484b284c2b8b87e5a38321672c",
                "sha256:ab5875facfdef77e0a47d5fd39ea178b58e60e454a4c85aa1e52fcb80db7babf",
                "sha256:b0e0aeb061a1d7dcd2ed59ea57ee56c9b23dd60100825f98238c06ee5cc4467e",
                "sha256:b78a35c5c74d336f42f44106174b9851c783184a85a3fe3e68857259b37b9ffb",
                "sha256:c9e04d7e9b03a8a6ac2045f7c5ef741be86727d8f49c45db45f244bdd2bcff17",
                "sha256:ca36e7d9430f7481fc7d11e015ae16fbd5575615a8e9060538104778be84addf",
                "sha256:ceebc3c4f6a109777c0053dfa0282fddb8893eddfb0d598574acfb734a926168",
                "sha256:e2c036492e673aad1b7b0d0ccdc0cb30a968353d2c4bf92ac8e73509e1bf212c",
                "sha256:eb326658f9b73c07081300daba90a8746543b5ea177184daed26528273157294",
                "sha256:eb7ae2c4dbdb3c9247e07acc532f91077ae6dbc40ad5bd5dca0bb5a176ee9bda",
                "sha256:edad1cf5b2ce1912c4d8ddad20e11d333165552aba262c882e28c78bbc09dbf6",
                "sha256:eef93a446114ac0193a7b714ce67659db80caf940f3232bad63f4c7a81bc18df",
                "sha256:f7eaea089345a35130bc9a39b89ec1ff69c208efa97b3f8b25ea5d4c41d88094",
                "sha256:f99d206db1f1ae735a8192ab93bd6028f3a42f6fa08467d37a14eb96c9dd34a3"
            ],
            "markers": "python_version < '3.11' and python_version >= '3.7'",
            "version": "==1.7.3"
        },
        "setuptools": {
            "hashes": [
                "sha256:2404879cda71495fc4d5cbc445ed52fdaddf352b36e40be8dcc63147cb4edabe",
                "sha256:68eb94073fc486091447fcb0501efd6560a0e5a1839ba249e5ff3c4c93f05f90"
            ],
            "index": "pypi",
            "version": "==60.5.0"
        },
        "six": {
            "hashes": [
                "sha256:1e61c37477a1626458e36f7b1d82aa5c9b094fa4802892072e49de9c60c4c926",
                "sha256:8abb2f1d86890a2dfb989f9a77cfcfd3e47c2a354b01111771326f8aa26e0254"
            ],
            "markers": "python_version >= '2.7' and python_version not in '3.0, 3.1, 3.2, 3.3'",
            "version": "==1.16.0"
        },
        "sklearn": {
            "hashes": [
                "sha256:e23001573aa194b834122d2b9562459bf5ae494a2d59ca6b8aa22c85a44c0e31"
            ],
            "index": "pypi",
            "version": "==0.0"
        },
        "threadpoolctl": {
            "hashes": [
                "sha256:4fade5b3b48ae4b1c30f200b28f39180371104fccc642e039e0f2435ec8cc211",
                "sha256:d03115321233d0be715f0d3a5ad1d6c065fe425ddc2d671ca8e45e9fd5d7a52a"
            ],
            "markers": "python_version >= '3.6'",
            "version": "==3.0.0"
        },
        "tinycss": {
            "hashes": [
                "sha256:12306fb50e5e9e7eaeef84b802ed877488ba80e35c672867f548c0924a76716e"
            ],
            "index": "pypi",
            "version": "==0.4"
        },
        "tinycss2": {
            "hashes": [
                "sha256:b2e44dd8883c360c35dd0d1b5aad0b610e5156c2cb3b33434634e539ead9d8bf",
                "sha256:fe794ceaadfe3cf3e686b22155d0da5780dd0e273471a51846d0a02bc204fec8"
            ],
            "markers": "python_version >= '3.6'",
            "version": "==1.1.1"
        },
        "wcwidth": {
            "hashes": [
                "sha256:beb4802a9cebb9144e99086eff703a642a13d6a0052920003a230f3294bbe784",
                "sha256:c4d647b99872929fdb7bdcaa4fbe7f01413ed3d98077df798530e5b04f116c83"
            ],
            "version": "==0.2.5"
        },
        "webencodings": {
            "hashes": [
                "sha256:a0af1213f3c2226497a97e2b3aa01a7e4bee4f403f95be16fc9acd2947514a78",
                "sha256:b36a1c245f2d304965eb4e0a82848379241dc04b865afcc4aab16748587e1923"
            ],
            "version": "==0.5.1"
        }
    },
    "develop": {
        "autopep8": {
            "hashes": [
                "sha256:60fd8c4341bab59963dafd5d2a566e94f547e660b9b396f772afe67d8481dbf0"
            ],
            "index": "pypi",
            "version": "==1.5.3"
        },
        "pycodestyle": {
            "hashes": [
                "sha256:720f8b39dde8b293825e7ff02c475f3077124006db4f440dcbc9a20b76548a20",
                "sha256:eddd5847ef438ea1c7870ca7eb78a9d47ce0cdb4851a5523949f2601d0cbbe7f"
            ],
            "markers": "python_version >= '2.7' and python_version not in '3.0, 3.1, 3.2, 3.3, 3.4'",
            "version": "==2.8.0"
        },
        "toml": {
            "hashes": [
                "sha256:806143ae5bfb6a3c6e736a764057db0e6a0e05e338b5630894a5f779cabb4f9b",
                "sha256:b3bda1d108d5dd99f4a20d24d9c348e91c4db7ab1b749200bded2f839ccbe68f"
            ],
            "markers": "python_version >= '2.6' and python_version not in '3.0, 3.1, 3.2, 3.3'",
            "version": "==0.10.2"
        }
    }
}
